
Microsoft Visual Studio Solution File, Format Version 12.00
# Visual Studio Version 17
VisualStudioVersion = 17.2.32630.192
MinimumVisualStudioVersion = 10.0.40219.1
Project("{FAE04EC0-301F-11D3-BF4B-00C04F79EFBC}") = "q1", "q1\q1.csproj", "{64B9F995-058B-4A72-8A55-511B221B6A01}"
EndProject
Global
	GlobalSection(SolutionConfigurationPlatforms) = preSolution
		Debug|Any CPU = Debug|Any CPU
		Release|Any CPU = Release|Any CPU
	EndGlobalSection
	GlobalSection(ProjectConfigurationPlatforms) = postSolution
		{64B9F995-058B-4A72-8A55-511B221B6A01}.Debug|Any CPU.ActiveCfg = Debug|Any CPU
		{64B9F995-058B-4A72-8A55-511B221B6A01}.Debug|Any CPU.Build.0 = Debug|Any CPU
		{64B9F995-058B-4A72-8A55-511B221B6A01}.Release|Any CPU.ActiveCfg = Release|Any CPU
		{64B9F995-058B-4A72-8A55-511B221B6A01}.Release|Any CPU.Build.0 = Release|Any CPU
	EndGlobalSection
	GlobalSection(SolutionProperties) = preSolution
		HideSolutionNode = FALSE
	EndGlobalSection
	GlobalSection(ExtensibilityGlobals) = postSolution
		SolutionGuid = {44F28305-EA64-4A75-9C8A-66FA51A6FDCA}
	EndGlobalSection
EndGlobal
